// !$*UTF8*$!
{
	archiveVersion = 1;
	classes = {
	};
	objectVersion = 60;
	objects = {

/* Begin PBXBuildFile section */
		AB0000000000000000000003 /* SpotLink in Frameworks */ = {isa = PBXBuildFile; productRef = AB0000000000000000000001 /* SpotLink */; };
		AB0000000000000000000004 /* SpotLink in Frameworks */ = {isa = PBXBuildFile; productRef = AB0000000000000000000002 /* SpotLink */; };
		FF0000000000000000000001 /* SpotLinkApp.swift in Sources */ = {isa = PBXBuildFile; fileRef = EE0000000000000000000001 /* SpotLinkApp.swift */; };
		FF0000000000000000000002 /* Assets.xcassets in Resources */ = {isa = PBXBuildFile; fileRef = EE0000000000000000000003 /* Assets.xcassets */; };
		FF0000000000000000000003 /* PrivacyInfo.xcprivacy in Resources */ = {isa = PBXBuildFile; fileRef = EE0000000000000000000004 /* PrivacyInfo.xcprivacy */; };
		FF0000000000000000000004 /* LaunchTests.swift in Sources */ = {isa = PBXBuildFile; fileRef = EE0000000000000000000009 /* LaunchTests.swift */; };
		FF0000000000000000000005 /* SpotLinkUITests.swift in Sources */ = {isa = PBXBuildFile; fileRef = EE000000000000000000000A /* SpotLinkUITests.swift */; };
/* End PBXBuildFile section */

/* Begin PBXContainerItemProxy section */
		AD0000000000000000000001 /* PBXContainerItemProxy */ = {
			isa = PBXContainerItemProxy;
			containerPortal = AA0000000000000000000001 /* Project object */;
			proxyType = 1;
			remoteGlobalIDString = BB0000000000000000000001;
			remoteInfo = SpotLink;
		};
/* End PBXContainerItemProxy section */

/* Begin PBXFileReference section */
		EE0000000000000000000001 /* SpotLinkApp.swift */ = {isa = PBXFileReference; lastKnownFileType = sourcecode.swift; name = SpotLinkApp.swift; path = SpotLink/Sources/SpotLink/App/SpotLinkApp.swift; sourceTree = SOURCE_ROOT; };
		EE0000000000000000000002 /* Info.plist */ = {isa = PBXFileReference; lastKnownFileType = text.plist.xml; name = Info.plist; path = Resources/Info.plist; sourceTree = SOURCE_ROOT; };
		EE0000000000000000000003 /* Assets.xcassets */ = {isa = PBXFileReference; lastKnownFileType = folder.assetcatalog; name = Assets.xcassets; path = Resources/Assets.xcassets; sourceTree = SOURCE_ROOT; };
		EE0000000000000000000004 /* PrivacyInfo.xcprivacy */ = {isa = PBXFileReference; lastKnownFileType = text.plist.xml; name = PrivacyInfo.xcprivacy; path = Resources/PrivacyInfo.xcprivacy; sourceTree = SOURCE_ROOT; };
		EE0000000000000000000005 /* SpotLink.entitlements */ = {isa = PBXFileReference; lastKnownFileType = text.plist.entitlements; path = SpotLink.entitlements; sourceTree = SOURCE_ROOT; };
		EE0000000000000000000006 /* SpotLink.app */ = {isa = PBXFileReference; explicitFileType = wrapper.application; includeInIndex = 0; path = SpotLink.app; sourceTree = BUILT_PRODUCTS_DIR; };
		EE0000000000000000000007 /* SpotLinkTests.xctest */ = {isa = PBXFileReference; explicitFileType = wrapper.cfbundle; includeInIndex = 0; path = SpotLinkTests.xctest; sourceTree = BUILT_PRODUCTS_DIR; };
		EE0000000000000000000008 /* SpotLinkUITests.xctest */ = {isa = PBXFileReference; explicitFileType = wrapper.cfbundle; includeInIndex = 0; path = SpotLinkUITests.xctest; sourceTree = BUILT_PRODUCTS_DIR; };
		EE0000000000000000000009 /* LaunchTests.swift */ = {isa = PBXFileReference; lastKnownFileType = sourcecode.swift; name = LaunchTests.swift; path = SpotLinkTests/LaunchTests.swift; sourceTree = SOURCE_ROOT; };
		EE000000000000000000000A /* SpotLinkUITests.swift */ = {isa = PBXFileReference; lastKnownFileType = sourcecode.swift; name = SpotLinkUITests.swift; path = SpotLinkUITests/SpotLinkUITests.swift; sourceTree = SOURCE_ROOT; };
/* End PBXFileReference section */

/* Begin PBXFrameworksBuildPhase section */
		BB0000000000000000000007 /* Frameworks */ = {
			isa = PBXFrameworksBuildPhase;
			buildActionMask = 2147483647;
			files = (
				AB0000000000000000000003 /* SpotLink in Frameworks */,
			);
			runOnlyForDeploymentPostprocessing = 0;
		};
		CC0000000000000000000007 /* Frameworks */ = {
			isa = PBXFrameworksBuildPhase;
			buildActionMask = 2147483647;
			files = (
				AB0000000000000000000004 /* SpotLink in Frameworks */,
			);
			runOnlyForDeploymentPostprocessing = 0;
		};
		DD0000000000000000000007 /* Frameworks */ = {
			isa = PBXFrameworksBuildPhase;
			buildActionMask = 2147483647;
			files = (
			);
			runOnlyForDeploymentPostprocessing = 0;
		};
/* End PBXFrameworksBuildPhase section */

/* Begin PBXGroup section */
		AA0000000000000000000002 = {
			isa = PBXGroup;
			children = (
				AC0000000000000000000001 /* SpotLink */,
				AC0000000000000000000003 /* SpotLinkTests */,
				AC0000000000000000000004 /* SpotLinkUITests */,
				AA0000000000000000000003 /* Products */,
			);
			sourceTree = "<group>";
		};
		AA0000000000000000000003 /* Products */ = {
			isa = PBXGroup;
			children = (
				EE0000000000000000000006 /* SpotLink.app */,
				EE0000000000000000000007 /* SpotLinkTests.xctest */,
				EE0000000000000000000008 /* SpotLinkUITests.xctest */,
			);
			name = Products;
			sourceTree = "<group>";
		};
		AC0000000000000000000001 /* SpotLink */ = {
			isa = PBXGroup;
			children = (
				EE0000000000000000000001 /* SpotLinkApp.swift */,
				AC0000000000000000000002 /* Resources */,
				EE0000000000000000000005 /* SpotLink.entitlements */,
			);
			name = SpotLink;
			sourceTree = "<group>";
		};
		AC0000000000000000000002 /* Resources */ = {
			isa = PBXGroup;
			children = (
				EE0000000000000000000002 /* Info.plist */,
				EE0000000000000000000003 /* Assets.xcassets */,
				EE0000000000000000000004 /* PrivacyInfo.xcprivacy */,
			);
			name = Resources;
			sourceTree = "<group>";
		};
		AC0000000000000000000003 /* SpotLinkTests */ = {
			isa = PBXGroup;
			children = (
				EE0000000000000000000009 /* LaunchTests.swift */,
			);
			name = SpotLinkTests;
			sourceTree = "<group>";
		};
		AC0000000000000000000004 /* SpotLinkUITests */ = {
			isa = PBXGroup;
			children = (
				EE000000000000000000000A /* SpotLinkUITests.swift */,
			);
			name = SpotLinkUITests;
			sourceTree = "<group>";
		};
/* End PBXGroup section */

/* Begin PBXNativeTarget section */
		BB0000000000000000000001 /* SpotLink */ = {
			isa = PBXNativeTarget;
			buildConfigurationList = BB0000000000000000000002 /* Build configuration list for PBXNativeTarget "SpotLink" */;
			buildPhases = (
				BB0000000000000000000005 /* Sources */,
				BB0000000000000000000007 /* Frameworks */,
				BB0000000000000000000006 /* Resources */,
			);
			buildRules = (
			);
			dependencies = (
			);
			name = SpotLink;
			packageProductDependencies = (
				AB0000000000000000000001 /* SpotLink */,
			);
			productName = SpotLink;
			productReference = EE0000000000000000000006 /* SpotLink.app */;
			productType = "com.apple.product-type.application";
		};
		CC0000000000000000000001 /* SpotLinkTests */ = {
			isa = PBXNativeTarget;
			buildConfigurationList = CC0000000000000000000002 /* Build configuration list for PBXNativeTarget "SpotLinkTests" */;
			buildPhases = (
				CC0000000000000000000005 /* Sources */,
				CC0000000000000000000007 /* Frameworks */,
				CC0000000000000000000006 /* Resources */,
			);
			buildRules = (
			);
			dependencies = (
			);
			name = SpotLinkTests;
			packageProductDependencies = (
				AB0000000000000000000002 /* SpotLink */,
			);
			productName = SpotLinkTests;
			productReference = EE0000000000000000000007 /* SpotLinkTests.xctest */;
			productType = "com.apple.product-type.bundle.unit-test";
		};
		DD0000000000000000000001 /* SpotLinkUITests */ = {
			isa = PBXNativeTarget;
			buildConfigurationList = DD0000000000000000000002 /* Build configuration list for PBXNativeTarget "SpotLinkUITests" */;
			buildPhases = (
				DD0000000000000000000005 /* Sources */,
				DD0000000000000000000007 /* Frameworks */,
				DD0000000000000000000006 /* Resources */,
			);
			buildRules = (
			);
			dependencies = (
				AD0000000000000000000002 /* PBXTargetDependency */,
			);
			name = SpotLinkUITests;
			packageProductDependencies = (
			);
			productName = SpotLinkUITests;
			productReference = EE0000000000000000000008 /* SpotLinkUITests.xctest */;
			productType = "com.apple.product-type.bundle.ui-testing";
		};
/* End PBXNativeTarget section */

/* Begin PBXProject section */
		AA0000000000000000000001 /* Project object */ = {
			isa = PBXProject;
			attributes = {
				BuildIndependentTargetsInParallel = 1;
				LastSwiftUpdateCheck = 1500;
				LastUpgradeCheck = 1500;
				TargetAttributes = {
					BB0000000000000000000001 = {
						CreatedOnToolsVersion = 15.0;
					};
					CC0000000000000000000001 = {
						CreatedOnToolsVersion = 15.0;
						TestTargetID = BB0000000000000000000001;
					};
					DD0000000000000000000001 = {
						CreatedOnToolsVersion = 15.0;
						TestTargetID = BB0000000000000000000001;
					};
				};
			};
			buildConfigurationList = AA0000000000000000000005 /* Build configuration list for PBXProject "SpotLink" */;
			compatibilityVersion = "Xcode 14.0";
			developmentRegion = en;
			hasScannedForEncodings = 0;
			knownRegions = (
				en,
				Base,
			);
			mainGroup = AA0000000000000000000002;
			packageReferences = (
				AA0000000000000000000004 /* XCLocalSwiftPackageReference "SpotLink" */,
			);
			productRefGroup = AA0000000000000000000003 /* Products */;
			projectDirPath = "";
			projectRoot = "";
			targets = (
				BB0000000000000000000001 /* SpotLink */,
				CC0000000000000000000001 /* SpotLinkTests */,
				DD0000000000000000000001 /* SpotLinkUITests */,
			);
		};
/* End PBXProject section */

/* Begin PBXResourcesBuildPhase section */
		BB0000000000000000000006 /* Resources */ = {
			isa = PBXResourcesBuildPhase;
			buildActionMask = 2147483647;
			files = (
				FF0000000000000000000002 /* Assets.xcassets in Resources */,
				FF0000000000000000000003 /* PrivacyInfo.xcprivacy in Resources */,
			);
			runOnlyForDeploymentPostprocessing = 0;
		};
		CC0000000000000000000006 /* Resources */ = {
			isa = PBXResourcesBuildPhase;
			buildActionMask = 2147483647;
			files = (
			);
			runOnlyForDeploymentPostprocessing = 0;
		};
		DD0000000000000000000006 /* Resources */ = {
			isa = PBXResourcesBuildPhase;
			buildActionMask = 2147483647;
			files = (
			);
			runOnlyForDeploymentPostprocessing = 0;
		};
/* End PBXResourcesBuildPhase section */

/* Begin PBXSourcesBuildPhase section */
		BB0000000000000000000005 /* Sources */ = {
			isa = PBXSourcesBuildPhase;
			buildActionMask = 2147483647;
			files = (
				FF0000000000000000000001 /* SpotLinkApp.swift in Sources */,
			);
			runOnlyForDeploymentPostprocessing = 0;
		};
		CC0000000000000000000005 /* Sources */ = {
			isa = PBXSourcesBuildPhase;
			buildActionMask = 2147483647;
			files = (
				FF0000000000000000000004 /* LaunchTests.swift in Sources */,
			);
			runOnlyForDeploymentPostprocessing = 0;
		};
		DD0000000000000000000005 /* Sources */ = {
			isa = PBXSourcesBuildPhase;
			buildActionMask = 2147483647;
			files = (
				FF0000000000000000000005 /* SpotLinkUITests.swift in Sources */,
			);
			runOnlyForDeploymentPostprocessing = 0;
		};
/* End PBXSourcesBuildPhase section */

/* Begin PBXTargetDependency section */
		AD0000000000000000000002 /* PBXTargetDependency */ = {
			isa = PBXTargetDependency;
			target = BB0000000000000000000001 /* SpotLink */;
			targetProxy = AD0000000000000000000001 /* PBXContainerItemProxy */;
		};
/* End PBXTargetDependency section */

/* Begin XCBuildConfiguration section */
		AA0000000000000000000006 /* Debug */ = {
			isa = XCBuildConfiguration;
			buildSettings = {
				ALWAYS_SEARCH_USER_PATHS = NO;
				ASSETCATALOG_COMPILER_GENERATE_SWIFT_ASSET_SYMBOL_EXTENSIONS = YES;
				CLANG_ANALYZER_NONNULL = YES;
				CLANG_ANALYZER_NUMBER_OBJECT_CONVERSION = YES_AGGRESSIVE;
				CLANG_CXX_LANGUAGE_STANDARD = "gnu++20";
				CLANG_ENABLE_MODULES = YES;
				CLANG_ENABLE_OBJC_ARC = YES;
				CLANG_ENABLE_OBJC_WEAK = YES;
				CLANG_WARN_BLOCK_CAPTURE_AUTORELEASING = YES;
				CLANG_WARN_BOOL_CONVERSION = YES;
				CLANG_WARN_COMMA = YES;
				CLANG_WARN_CONSTANT_CONVERSION = YES;
				CLANG_WARN_DEPRECATED_OBJC_IMPLEMENTATIONS = YES;
				CLANG_WARN_DIRECT_OBJC_ISA_USAGE = YES_ERROR;
				CLANG_WARN_DOCUMENTATION_COMMENTS = YES;
				CLANG_WARN_EMPTY_BODY = YES;
				CLANG_WARN_ENUM_CONVERSION = YES;
				CLANG_WARN_INFINITE_RECURSION = YES;
				CLANG_WARN_INT_CONVERSION = YES;
				CLANG_WARN_NON_LITERAL_NULL_CONVERSION = YES;
				CLANG_WARN_OBJC_IMPLICIT_RETAIN_CYCLE = YES;
				CLANG_WARN_OBJC_LITERAL_CONVERSION = YES;
				CLANG_WARN_OBJC_ROOT_CLASS = YES_ERROR;
				CLANG_WARN_QUOTED_INCLUDE_IN_FRAMEWORK_HEADER = YES;
				CLANG_WARN_RANGE_LOOP_ANALYSIS = YES;
				CLANG_WARN_STRICT_PROTOTYPES = YES;
				CLANG_WARN_SUSPICIOUS_MOVE = YES;
				CLANG_WARN_UNGUARDED_AVAILABILITY = YES_AGGRESSIVE;
				CLANG_WARN_UNREACHABLE_CODE = YES;
				CLANG_WARN__DUPLICATE_METHOD_MATCH = YES;
				COPY_PHASE_STRIP = NO;
				DEBUG_INFORMATION_FORMAT = dwarf;
				ENABLE_STRICT_OBJC_MSGSEND = YES;
				ENABLE_TESTABILITY = YES;
				ENABLE_USER_SCRIPT_SANDBOXING = YES;
				GCC_C_LANGUAGE_STANDARD = gnu17;
				GCC_DYNAMIC_NO_PIC = NO;
				GCC_NO_COMMON_BLOCKS = YES;
				GCC_OPTIMIZATION_LEVEL = 0;
				GCC_PREPROCESSOR_DEFINITIONS = (
					"DEBUG=1",
					"$(inherited)",
				);
				GCC_WARN_64_TO_32_BIT_CONVERSION = YES;
				GCC_WARN_ABOUT_RETURN_TYPE = YES_ERROR;
				GCC_WARN_UNDECLARED_SELECTOR = YES;
				GCC_WARN_UNINITIALIZED_AUTOS = YES_AGGRESSIVE;
				GCC_WARN_UNUSED_FUNCTION = YES;
				GCC_WARN_UNUSED_VARIABLE = YES;
				IPHONEOS_DEPLOYMENT_TARGET = 17.0;
				MTL_ENABLE_DEBUG_INFO = INCLUDE_SOURCE;
				MTL_FAST_MATH = YES;
				ONLY_ACTIVE_ARCH = YES;
				SDKROOT = iphoneos;
				SWIFT_ACTIVE_COMPILATION_CONDITIONS = DEBUG;
				SWIFT_OPTIMIZATION_LEVEL = "-Onone";
			};
			name = Debug;
		};
		AA0000000000000000000007 /* Release */ = {
			isa = XCBuildConfiguration;
			buildSettings = {
				ALWAYS_SEARCH_USER_PATHS = NO;
				ASSETCATALOG_COMPILER_GENERATE_SWIFT_ASSET_SYMBOL_EXTENSIONS = YES;
				CLANG_ANALYZER_NONNULL = YES;
				CLANG_ANALYZER_NUMBER_OBJECT_CONVERSION = YES_AGGRESSIVE;
				CLANG_CXX_LANGUAGE_STANDARD = "gnu++20";
				CLANG_ENABLE_MODULES = YES;
				CLANG_ENABLE_OBJC_ARC = YES;
				CLANG_ENABLE_OBJC_WEAK = YES;
				CLANG_WARN_BLOCK_CAPTURE_AUTORELEASING = YES;
				CLANG_WARN_BOOL_CONVERSION = YES;
				CLANG_WARN_COMMA = YES;
				CLANG_WARN_CONSTANT_CONVERSION = YES;
				CLANG_WARN_DEPRECATED_OBJC_IMPLEMENTATIONS = YES;
				CLANG_WARN_DIRECT_OBJC_ISA_USAGE = YES_ERROR;
				CLANG_WARN_DOCUMENTATION_COMMENTS = YES;
				CLANG_WARN_EMPTY_BODY = YES;
				CLANG_WARN_ENUM_CONVERSION = YES;
				CLANG_WARN_INFINITE_RECURSION = YES;
				CLANG_WARN_INT_CONVERSION = YES;
				CLANG_WARN_NON_LITERAL_NULL_CONVERSION = YES;
				CLANG_WARN_OBJC_IMPLICIT_RETAIN_CYCLE = YES;
				CLANG_WARN_OBJC_LITERAL_CONVERSION = YES;
				CLANG_WARN_OBJC_ROOT_CLASS = YES_ERROR;
				CLANG_WARN_QUOTED_INCLUDE_IN_FRAMEWORK_HEADER = YES;
				CLANG_WARN_RANGE_LOOP_ANALYSIS = YES;
				CLANG_WARN_STRICT_PROTOTYPES = YES;
				CLANG_WARN_SUSPICIOUS_MOVE = YES;
				CLANG_WARN_UNGUARDED_AVAILABILITY = YES_AGGRESSIVE;
				CLANG_WARN_UNREACHABLE_CODE = YES;
				CLANG_WARN__DUPLICATE_METHOD_MATCH = YES;
				COPY_PHASE_STRIP = NO;
				DEBUG_INFORMATION_FORMAT = "dwarf-with-dsym";
				ENABLE_NS_ASSERTIONS = NO;
				ENABLE_STRICT_OBJC_MSGSEND = YES;
				ENABLE_USER_SCRIPT_SANDBOXING = YES;
				GCC_C_LANGUAGE_STANDARD = gnu17;
				GCC_NO_COMMON_BLOCKS = YES;
				GCC_WARN_64_TO_32_BIT_CONVERSION = YES;
				GCC_WARN_ABOUT_RETURN_TYPE = YES_ERROR;
				GCC_WARN_UNDECLARED_SELECTOR = YES;
				GCC_WARN_UNINITIALIZED_AUTOS = YES_AGGRESSIVE;
				GCC_WARN_UNUSED_FUNCTION = YES;
				GCC_WARN_UNUSED_VARIABLE = YES;
				IPHONEOS_DEPLOYMENT_TARGET = 17.0;
				MTL_FAST_MATH = YES;
				SDKROOT = iphoneos;
				SWIFT_COMPILATION_MODE = wholemodule;
				SWIFT_OPTIMIZATION_LEVEL = "-O";
				VALIDATE_PRODUCT = YES;
			};
			name = Release;
		};
		BB0000000000000000000003 /* Debug */ = {
			isa = XCBuildConfiguration;
			buildSettings = {
				ASSETCATALOG_COMPILER_APPICON_NAME = AppIcon;
				ASSETCATALOG_COMPILER_GLOBAL_ACCENT_COLOR_NAME = AccentColor;
				CODE_SIGN_ENTITLEMENTS = SpotLink.entitlements;
				CODE_SIGN_STYLE = Automatic;
				CURRENT_PROJECT_VERSION = 1;
				DEVELOPMENT_TEAM = T6C984AD64;
				GENERATE_INFOPLIST_FILE = NO;
				INFOPLIST_FILE = Resources/Info.plist;
				LD_RUNPATH_SEARCH_PATHS = (
					"$(inherited)",
					"@executable_path/Frameworks",
				);
				MARKETING_VERSION = 1.0.0;
				PRODUCT_BUNDLE_IDENTIFIER = com.spotlink.app;
				PRODUCT_MODULE_NAME = SpotLinkApp;
				PRODUCT_NAME = "$(TARGET_NAME)";
				SPOTLINK_ENV = local;
				SWIFT_EMIT_LOC_STRINGS = YES;
				SWIFT_VERSION = 5.0;
				TARGETED_DEVICE_FAMILY = "1,2";
			};
			name = Debug;
		};
		BB0000000000000000000004 /* Release */ = {
			isa = XCBuildConfiguration;
			buildSettings = {
				ASSETCATALOG_COMPILER_APPICON_NAME = AppIcon;
				ASSETCATALOG_COMPILER_GLOBAL_ACCENT_COLOR_NAME = AccentColor;
				CODE_SIGN_ENTITLEMENTS = SpotLink.entitlements;
				CODE_SIGN_STYLE = Automatic;
				CURRENT_PROJECT_VERSION = 1;
				DEVELOPMENT_TEAM = T6C984AD64;
				GENERATE_INFOPLIST_FILE = NO;
				INFOPLIST_FILE = Resources/Info.plist;
				LD_RUNPATH_SEARCH_PATHS = (
					"$(inherited)",
					"@executable_path/Frameworks",
				);
				MARKETING_VERSION = 1.0.0;
				PRODUCT_BUNDLE_IDENTIFIER = com.spotlink.app;
				PRODUCT_MODULE_NAME = SpotLinkApp;
				PRODUCT_NAME = "$(TARGET_NAME)";
				SPOTLINK_ENV = production;
				SWIFT_EMIT_LOC_STRINGS = YES;
				SWIFT_VERSION = 5.0;
				TARGETED_DEVICE_FAMILY = "1,2";
			};
			name = Release;
		};
		CC0000000000000000000003 /* Debug */ = {
			isa = XCBuildConfiguration;
			buildSettings = {
				CODE_SIGN_STYLE = Automatic;
				CURRENT_PROJECT_VERSION = 1;
				DEVELOPMENT_TEAM = "";
				GENERATE_INFOPLIST_FILE = YES;
				MARKETING_VERSION = 1.0.0;
				PRODUCT_BUNDLE_IDENTIFIER = com.spotlink.app.tests;
				PRODUCT_NAME = "$(TARGET_NAME)";
				SWIFT_EMIT_LOC_STRINGS = NO;
				SWIFT_VERSION = 5.0;
				TARGETED_DEVICE_FAMILY = "1,2";
			};
			name = Debug;
		};
		CC0000000000000000000004 /* Release */ = {
			isa = XCBuildConfiguration;
			buildSettings = {
				CODE_SIGN_STYLE = Automatic;
				CURRENT_PROJECT_VERSION = 1;
				DEVELOPMENT_TEAM = "";
				GENERATE_INFOPLIST_FILE = YES;
				MARKETING_VERSION = 1.0.0;
				PRODUCT_BUNDLE_IDENTIFIER = com.spotlink.app.tests;
				PRODUCT_NAME = "$(TARGET_NAME)";
				SWIFT_EMIT_LOC_STRINGS = NO;
				SWIFT_VERSION = 5.0;
				TARGETED_DEVICE_FAMILY = "1,2";
			};
			name = Release;
		};
		DD0000000000000000000003 /* Debug */ = {
			isa = XCBuildConfiguration;
			buildSettings = {
				CODE_SIGN_STYLE = Automatic;
				CURRENT_PROJECT_VERSION = 1;
				DEVELOPMENT_TEAM = "";
				GENERATE_INFOPLIST_FILE = YES;
				MARKETING_VERSION = 1.0.0;
				PRODUCT_BUNDLE_IDENTIFIER = com.spotlink.app.uitests;
				PRODUCT_NAME = "$(TARGET_NAME)";
				SWIFT_EMIT_LOC_STRINGS = NO;
				SWIFT_VERSION = 5.0;
				TARGETED_DEVICE_FAMILY = "1,2";
				TEST_TARGET_NAME = SpotLink;
			};
			name = Debug;
		};
		DD0000000000000000000004 /* Release */ = {
			isa = XCBuildConfiguration;
			buildSettings = {
				CODE_SIGN_STYLE = Automatic;
				CURRENT_PROJECT_VERSION = 1;
				DEVELOPMENT_TEAM = "";
				GENERATE_INFOPLIST_FILE = YES;
				MARKETING_VERSION = 1.0.0;
				PRODUCT_BUNDLE_IDENTIFIER = com.spotlink.app.uitests;
				PRODUCT_NAME = "$(TARGET_NAME)";
				SWIFT_EMIT_LOC_STRINGS = NO;
				SWIFT_VERSION = 5.0;
				TARGETED_DEVICE_FAMILY = "1,2";
				TEST_TARGET_NAME = SpotLink;
			};
			name = Release;
		};
/* End XCBuildConfiguration section */

/* Begin XCConfigurationList section */
		AA0000000000000000000005 /* Build configuration list for PBXProject "SpotLink" */ = {
			isa = XCConfigurationList;
			buildConfigurations = (
				AA0000000000000000000006 /* Debug */,
				AA0000000000000000000007 /* Release */,
			);
			defaultConfigurationIsVisible = 0;
			defaultConfigurationName = Release;
		};
		BB0000000000000000000002 /* Build configuration list for PBXNativeTarget "SpotLink" */ = {
			isa = XCConfigurationList;
			buildConfigurations = (
				BB0000000000000000000003 /* Debug */,
				BB0000000000000000000004 /* Release */,
			);
			defaultConfigurationIsVisible = 0;
			defaultConfigurationName = Release;
		};
		CC0000000000000000000002 /* Build configuration list for PBXNativeTarget "SpotLinkTests" */ = {
			isa = XCConfigurationList;
			buildConfigurations = (
				CC0000000000000000000003 /* Debug */,
				CC0000000000000000000004 /* Release */,
			);
			defaultConfigurationIsVisible = 0;
			defaultConfigurationName = Release;
		};
		DD0000000000000000000002 /* Build configuration list for PBXNativeTarget "SpotLinkUITests" */ = {
			isa = XCConfigurationList;
			buildConfigurations = (
				DD0000000000000000000003 /* Debug */,
				DD0000000000000000000004 /* Release */,
			);
			defaultConfigurationIsVisible = 0;
			defaultConfigurationName = Release;
		};
/* End XCConfigurationList section */

/* Begin XCLocalSwiftPackageReference section */
		AA0000000000000000000004 /* XCLocalSwiftPackageReference "SpotLink" */ = {
			isa = XCLocalSwiftPackageReference;
			relativePath = SpotLink;
		};
/* End XCLocalSwiftPackageReference section */

/* Begin XCSwiftPackageProductDependency section */
		AB0000000000000000000001 /* SpotLink */ = {
			isa = XCSwiftPackageProductDependency;
			package = AA0000000000000000000004 /* XCLocalSwiftPackageReference "SpotLink" */;
			productName = SpotLink;
		};
		AB0000000000000000000002 /* SpotLink */ = {
			isa = XCSwiftPackageProductDependency;
			package = AA0000000000000000000004 /* XCLocalSwiftPackageReference "SpotLink" */;
			productName = SpotLink;
		};
/* End XCSwiftPackageProductDependency section */
	};
	rootObject = AA0000000000000000000001 /* Project object */;
}
